
Microsoft Visual Studio Solution File, Format Version 12.00
# Visual Studio Version 17
VisualStudioVersion = 17.10.35122.118
MinimumVisualStudioVersion = 10.0.40219.1
Project("{9A19103F-16F7-4668-BE54-9A1E7A4F7556}") = "Atak.Web", "Atak.Web\Atak.Web.csproj", "{82E79067-EE5C-427E-AEB9-06D6004D9FAE}"
EndProject
Project("{9A19103F-16F7-4668-BE54-9A1E7A4F7556}") = "Atak.Infrastructure", "Atak.Infrastructure\Atak.Infrastructure.csproj", "{836EDFA5-6830-4CB9-A66A-3C7C5267E808}"
EndProject
Project("{9A19103F-16F7-4668-BE54-9A1E7A4F7556}") = "Atak.Application", "Atak.Application\Atak.Application.csproj", "{3CB937B9-6E1C-4E84-A3ED-76399DC3FD57}"
EndProject
Project("{9A19103F-16F7-4668-BE54-9A1E7A4F7556}") = "Atak.Core", "Atak.Core\Atak.Core.csproj", "{12FA01FF-59F3-4821-8F88-60A13ACF2D4A}"
EndProject
Project("{9A19103F-16F7-4668-BE54-9A1E7A4F7556}") = "Atak.API", "Atak.API\Atak.API.csproj", "{D5CD5725-2CD5-499D-B602-F3294F667C65}"
EndProject
Global
	GlobalSection(SolutionConfigurationPlatforms) = preSolution
		Debug|Any CPU = Debug|Any CPU
		Release|Any CPU = Release|Any CPU
	EndGlobalSection
	GlobalSection(ProjectConfigurationPlatforms) = postSolution
		{82E79067-EE5C-427E-AEB9-06D6004D9FAE}.Debug|Any CPU.ActiveCfg = Debug|Any CPU
		{82E79067-EE5C-427E-AEB9-06D6004D9FAE}.Debug|Any CPU.Build.0 = Debug|Any CPU
		{82E79067-EE5C-427E-AEB9-06D6004D9FAE}.Release|Any CPU.ActiveCfg = Release|Any CPU
		{82E79067-EE5C-427E-AEB9-06D6004D9FAE}.Release|Any CPU.Build.0 = Release|Any CPU
		{836EDFA5-6830-4CB9-A66A-3C7C5267E808}.Debug|Any CPU.ActiveCfg = Debug|Any CPU
		{836EDFA5-6830-4CB9-A66A-3C7C5267E808}.Debug|Any CPU.Build.0 = Debug|Any CPU
		{836EDFA5-6830-4CB9-A66A-3C7C5267E808}.Release|Any CPU.ActiveCfg = Release|Any CPU
		{836EDFA5-6830-4CB9-A66A-3C7C5267E808}.Release|Any CPU.Build.0 = Release|Any CPU
		{3CB937B9-6E1C-4E84-A3ED-76399DC3FD57}.Debug|Any CPU.ActiveCfg = Debug|Any CPU
		{3CB937B9-6E1C-4E84-A3ED-76399DC3FD57}.Debug|Any CPU.Build.0 = Debug|Any CPU
		{3CB937B9-6E1C-4E84-A3ED-76399DC3FD57}.Release|Any CPU.ActiveCfg = Release|Any CPU
		{3CB937B9-6E1C-4E84-A3ED-76399DC3FD57}.Release|Any CPU.Build.0 = Release|Any CPU
		{12FA01FF-59F3-4821-8F88-60A13ACF2D4A}.Debug|Any CPU.ActiveCfg = Debug|Any CPU
		{12FA01FF-59F3-4821-8F88-60A13ACF2D4A}.Debug|Any CPU.Build.0 = Debug|Any CPU
		{12FA01FF-59F3-4821-8F88-60A13ACF2D4A}.Release|Any CPU.ActiveCfg = Release|Any CPU
		{12FA01FF-59F3-4821-8F88-60A13ACF2D4A}.Release|Any CPU.Build.0 = Release|Any CPU
		{D5CD5725-2CD5-499D-B602-F3294F667C65}.Debug|Any CPU.ActiveCfg = Debug|Any CPU
		{D5CD5725-2CD5-499D-B602-F3294F667C65}.Debug|Any CPU.Build.0 = Debug|Any CPU
		{D5CD5725-2CD5-499D-B602-F3294F667C65}.Release|Any CPU.ActiveCfg = Release|Any CPU
		{D5CD5725-2CD5-499D-B602-F3294F667C65}.Release|Any CPU.Build.0 = Release|Any CPU
	EndGlobalSection
	GlobalSection(SolutionProperties) = preSolution
		HideSolutionNode = FALSE
	EndGlobalSection
	GlobalSection(ExtensibilityGlobals) = postSolution
		SolutionGuid = {2A29DECE-CF93-43BF-AD74-E6A84D87AAB4}
	EndGlobalSection
EndGlobal
